
Microsoft Visual Studio Solution File, Format Version 12.00
# Visual Studio Version 17
VisualStudioVersion = 17.6.33829.357
MinimumVisualStudioVersion = 10.0.40219.1
Project("{FAE04EC0-301F-11D3-BF4B-00C04F79EFBC}") = "PortailRH.Web", "PortailRH.Web\PortailRH.Web.csproj", "{13544449-4445-43E1-9DC9-3F89F1F5772F}"
EndProject
Project("{FAE04EC0-301F-11D3-BF4B-00C04F79EFBC}") = "PortailRH.DAL", "PortailRH.DAL\PortailRH.DAL.csproj", "{C1129791-F30E-4E37-AC18-24763D7069E8}"
EndProject
Project("{FAE04EC0-301F-11D3-BF4B-00C04F79EFBC}") = "PortailRH.BLL", "PortailRH.BLL\PortailRH.BLL.csproj", "{A5A1A7F5-0630-4DC2-8696-8774548F0FBF}"
EndProject
Global
	GlobalSection(SolutionConfigurationPlatforms) = preSolution
		Debug|Any CPU = Debug|Any CPU
		Release|Any CPU = Release|Any CPU
	EndGlobalSection
	GlobalSection(ProjectConfigurationPlatforms) = postSolution
		{13544449-4445-43E1-9DC9-3F89F1F5772F}.Debug|Any CPU.ActiveCfg = Debug|Any CPU
		{13544449-4445-43E1-9DC9-3F89F1F5772F}.Debug|Any CPU.Build.0 = Debug|Any CPU
		{13544449-4445-43E1-9DC9-3F89F1F5772F}.Release|Any CPU.ActiveCfg = Release|Any CPU
		{13544449-4445-43E1-9DC9-3F89F1F5772F}.Release|Any CPU.Build.0 = Release|Any CPU
		{C1129791-F30E-4E37-AC18-24763D7069E8}.Debug|Any CPU.ActiveCfg = Debug|Any CPU
		{C1129791-F30E-4E37-AC18-24763D7069E8}.Debug|Any CPU.Build.0 = Debug|Any CPU
		{C1129791-F30E-4E37-AC18-24763D7069E8}.Release|Any CPU.ActiveCfg = Release|Any CPU
		{C1129791-F30E-4E37-AC18-24763D7069E8}.Release|Any CPU.Build.0 = Release|Any CPU
		{A5A1A7F5-0630-4DC2-8696-8774548F0FBF}.Debug|Any CPU.ActiveCfg = Debug|Any CPU
		{A5A1A7F5-0630-4DC2-8696-8774548F0FBF}.Debug|Any CPU.Build.0 = Debug|Any CPU
		{A5A1A7F5-0630-4DC2-8696-8774548F0FBF}.Release|Any CPU.ActiveCfg = Release|Any CPU
		{A5A1A7F5-0630-4DC2-8696-8774548F0FBF}.Release|Any CPU.Build.0 = Release|Any CPU
	EndGlobalSection
	GlobalSection(SolutionProperties) = preSolution
		HideSolutionNode = FALSE
	EndGlobalSection
	GlobalSection(ExtensibilityGlobals) = postSolution
		SolutionGuid = {8D4DA674-42DB-4713-8D7D-64EA3DB88E53}
	EndGlobalSection
EndGlobal
